
Microsoft Visual Studio Solution File, Format Version 12.00
# Visual Studio Version 16
VisualStudioVersion = 16.0.30611.23
MinimumVisualStudioVersion = 10.0.40219.1
Project("{9A19103F-16F7-4668-BE54-9A1E7A4F7556}") = "CvApp.Entities", "CvApp.Entities\CvApp.Entities.csproj", "{B42AF657-9689-4443-B9D2-C9CE47C049AA}"
EndProject
Project("{9A19103F-16F7-4668-BE54-9A1E7A4F7556}") = "CvApp.DataAccess", "CvApp.DataAccess\CvApp.DataAccess.csproj", "{D3295FAF-1FE2-4D8F-B862-F9AE7C2C737A}"
EndProject
Project("{9A19103F-16F7-4668-BE54-9A1E7A4F7556}") = "CvApp.DTO", "CvApp.DTO\CvApp.DTO.csproj", "{06DB1041-60E0-48B2-9368-20A01F346B8D}"
EndProject
Project("{9A19103F-16F7-4668-BE54-9A1E7A4F7556}") = "CvApp.Business", "CvApp.Business\CvApp.Business.csproj", "{BFA5719C-420B-4DA3-8F3C-11BFDF97E100}"
EndProject
Project("{FAE04EC0-301F-11D3-BF4B-00C04F79EFBC}") = "CvApp.Web", "CvApp.Web\CvApp.Web.csproj", "{2C719AAC-66FF-47A8-8138-1CF36E569E14}"
EndProject
Global
	GlobalSection(SolutionConfigurationPlatforms) = preSolution
		Debug|Any CPU = Debug|Any CPU
		Release|Any CPU = Release|Any CPU
	EndGlobalSection
	GlobalSection(ProjectConfigurationPlatforms) = postSolution
		{B42AF657-9689-4443-B9D2-C9CE47C049AA}.Debug|Any CPU.ActiveCfg = Debug|Any CPU
		{B42AF657-9689-4443-B9D2-C9CE47C049AA}.Debug|Any CPU.Build.0 = Debug|Any CPU
		{B42AF657-9689-4443-B9D2-C9CE47C049AA}.Release|Any CPU.ActiveCfg = Release|Any CPU
		{B42AF657-9689-4443-B9D2-C9CE47C049AA}.Release|Any CPU.Build.0 = Release|Any CPU
		{D3295FAF-1FE2-4D8F-B862-F9AE7C2C737A}.Debug|Any CPU.ActiveCfg = Debug|Any CPU
		{D3295FAF-1FE2-4D8F-B862-F9AE7C2C737A}.Debug|Any CPU.Build.0 = Debug|Any CPU
		{D3295FAF-1FE2-4D8F-B862-F9AE7C2C737A}.Release|Any CPU.ActiveCfg = Release|Any CPU
		{D3295FAF-1FE2-4D8F-B862-F9AE7C2C737A}.Release|Any CPU.Build.0 = Release|Any CPU
		{06DB1041-60E0-48B2-9368-20A01F346B8D}.Debug|Any CPU.ActiveCfg = Debug|Any CPU
		{06DB1041-60E0-48B2-9368-20A01F346B8D}.Debug|Any CPU.Build.0 = Debug|Any CPU
		{06DB1041-60E0-48B2-9368-20A01F346B8D}.Release|Any CPU.ActiveCfg = Release|Any CPU
		{06DB1041-60E0-48B2-9368-20A01F346B8D}.Release|Any CPU.Build.0 = Release|Any CPU
		{BFA5719C-420B-4DA3-8F3C-11BFDF97E100}.Debug|Any CPU.ActiveCfg = Debug|Any CPU
		{BFA5719C-420B-4DA3-8F3C-11BFDF97E100}.Debug|Any CPU.Build.0 = Debug|Any CPU
		{BFA5719C-420B-4DA3-8F3C-11BFDF97E100}.Release|Any CPU.ActiveCfg = Release|Any CPU
		{BFA5719C-420B-4DA3-8F3C-11BFDF97E100}.Release|Any CPU.Build.0 = Release|Any CPU
		{2C719AAC-66FF-47A8-8138-1CF36E569E14}.Debug|Any CPU.ActiveCfg = Debug|Any CPU
		{2C719AAC-66FF-47A8-8138-1CF36E569E14}.Debug|Any CPU.Build.0 = Debug|Any CPU
		{2C719AAC-66FF-47A8-8138-1CF36E569E14}.Release|Any CPU.ActiveCfg = Release|Any CPU
		{2C719AAC-66FF-47A8-8138-1CF36E569E14}.Release|Any CPU.Build.0 = Release|Any CPU
	EndGlobalSection
	GlobalSection(SolutionProperties) = preSolution
		HideSolutionNode = FALSE
	EndGlobalSection
	GlobalSection(ExtensibilityGlobals) = postSolution
		SolutionGuid = {1C8711D3-CCDB-4AFC-9E58-8418AEDBA0A6}
	EndGlobalSection
EndGlobal
